
Microsoft Visual Studio Solution File, Format Version 12.00
# Visual Studio Version 17
VisualStudioVersion = 17.1.32328.378
MinimumVisualStudioVersion = 10.0.40219.1
Project("{FAE04EC0-301F-11D3-BF4B-00C04F79EFBC}") = "VendorReviewSystemPortal", "VendorReviewSystemPortal\VendorReviewSystemPortal.csproj", "{BE443497-5747-4B9D-A1FA-5C4E2885870E}"
EndProject
Global
	GlobalSection(SolutionConfigurationPlatforms) = preSolution
		Debug|Any CPU = Debug|Any CPU
		Release|Any CPU = Release|Any CPU
	EndGlobalSection
	GlobalSection(ProjectConfigurationPlatforms) = postSolution
		{BE443497-5747-4B9D-A1FA-5C4E2885870E}.Debug|Any CPU.ActiveCfg = Debug|Any CPU
		{BE443497-5747-4B9D-A1FA-5C4E2885870E}.Debug|Any CPU.Build.0 = Debug|Any CPU
		{BE443497-5747-4B9D-A1FA-5C4E2885870E}.Release|Any CPU.ActiveCfg = Release|Any CPU
		{BE443497-5747-4B9D-A1FA-5C4E2885870E}.Release|Any CPU.Build.0 = Release|Any CPU
	EndGlobalSection
	GlobalSection(SolutionProperties) = preSolution
		HideSolutionNode = FALSE
	EndGlobalSection
	GlobalSection(ExtensibilityGlobals) = postSolution
		SolutionGuid = {367AC30E-6066-4AE8-8DAF-E18639731C3F}
	EndGlobalSection
EndGlobal
